
Microsoft Visual Studio Solution File, Format Version 12.00
# Visual Studio 14
VisualStudioVersion = 14.0.23107.0
MinimumVisualStudioVersion = 10.0.40219.1
Project("{FAE04EC0-301F-11D3-BF4B-00C04F79EFBC}") = "EncryptionAndDecryptionLibary", "EncryptionAndDecryption\EncryptionAndDecryptionLibary.csproj", "{E1735DE3-EAAF-4D3A-983E-D4FC4D301019}"
EndProject
Project("{FAE04EC0-301F-11D3-BF4B-00C04F79EFBC}") = "EncryptionAndDecryptionConsoleDemo", "EncryptionAndDecryptionConsoleDemo\EncryptionAndDecryptionConsoleDemo.csproj", "{BE8955ED-9BB4-4EBF-84C9-9C8E3D574768}"
EndProject
Project("{FAE04EC0-301F-11D3-BF4B-00C04F79EFBC}") = "RSALoginTest", "RSALoginTest\RSALoginTest.csproj", "{223DB43E-7DD6-4104-B60E-371E598C6BE5}"
EndProject
Global
	GlobalSection(SolutionConfigurationPlatforms) = preSolution
		Debug|Any CPU = Debug|Any CPU
		Release|Any CPU = Release|Any CPU
	EndGlobalSection
	GlobalSection(ProjectConfigurationPlatforms) = postSolution
		{E1735DE3-EAAF-4D3A-983E-D4FC4D301019}.Debug|Any CPU.ActiveCfg = Debug|Any CPU
		{E1735DE3-EAAF-4D3A-983E-D4FC4D301019}.Debug|Any CPU.Build.0 = Debug|Any CPU
		{E1735DE3-EAAF-4D3A-983E-D4FC4D301019}.Release|Any CPU.ActiveCfg = Release|Any CPU
		{E1735DE3-EAAF-4D3A-983E-D4FC4D301019}.Release|Any CPU.Build.0 = Release|Any CPU
		{BE8955ED-9BB4-4EBF-84C9-9C8E3D574768}.Debug|Any CPU.ActiveCfg = Debug|Any CPU
		{BE8955ED-9BB4-4EBF-84C9-9C8E3D574768}.Debug|Any CPU.Build.0 = Debug|Any CPU
		{BE8955ED-9BB4-4EBF-84C9-9C8E3D574768}.Release|Any CPU.ActiveCfg = Release|Any CPU
		{BE8955ED-9BB4-4EBF-84C9-9C8E3D574768}.Release|Any CPU.Build.0 = Release|Any CPU
		{223DB43E-7DD6-4104-B60E-371E598C6BE5}.Debug|Any CPU.ActiveCfg = Debug|Any CPU
		{223DB43E-7DD6-4104-B60E-371E598C6BE5}.Debug|Any CPU.Build.0 = Debug|Any CPU
		{223DB43E-7DD6-4104-B60E-371E598C6BE5}.Release|Any CPU.ActiveCfg = Release|Any CPU
		{223DB43E-7DD6-4104-B60E-371E598C6BE5}.Release|Any CPU.Build.0 = Release|Any CPU
	EndGlobalSection
	GlobalSection(SolutionProperties) = preSolution
		HideSolutionNode = FALSE
	EndGlobalSection
EndGlobal
